<?xml version="1.0" encoding="utf-8"?>
<Project ToolsVersion="15.0" xmlns="http://schemas.microsoft.com/developer/msbuild/2003">
  <ItemGroup>
    <Filter Include="Common">
      <UniqueIdentifier>6113d94b-04b1-4c17-80ff-b61d60a30e9f</UniqueIdentifier>
    </Filter>
    <Filter Include="Assets">
      <UniqueIdentifier>eb15c2a3-6a31-4d03-8100-90572cedc5d0</UniqueIdentifier>
      <Extensions>bmp;fbx;gif;jpg;jpeg;tga;tiff;tif;png</Extensions>
    </Filter>
    <Filter Include="WEART_SDK">
      <UniqueIdentifier>{2cf4bcc2-67ef-42ae-a039-b76dfb856425}</UniqueIdentifier>
    </Filter>
  </ItemGroup>
  <ItemGroup>
    <ApplicationDefinition Include="App.xaml" />
  </ItemGroup>
  <ItemGroup>
    <ClCompile Include="pch.cpp" />
    <ClCompile Include="WEART_SDK\WeArtHapticObject.cpp">
      <Filter>WEART_SDK</Filter>
    </ClCompile>
    <ClCompile Include="WeArtClient.cpp">
      <Filter>WEART_SDK</Filter>
    </ClCompile>
    <ClCompile Include="TouchEffect.cpp" />
  </ItemGroup>
  <ItemGroup>
    <ClInclude Include="pch.h" />
    <ClInclude Include="WEART_SDK\WeArtClosure.h">
      <Filter>WEART_SDK</Filter>
    </ClInclude>
    <ClInclude Include="WEART_SDK\WeArtCommon.h">
      <Filter>WEART_SDK</Filter>
    </ClInclude>
    <ClInclude Include="WEART_SDK\WeArtEffect.h">
      <Filter>WEART_SDK</Filter>
    </ClInclude>
    <ClInclude Include="WEART_SDK\WeArtForce.h">
      <Filter>WEART_SDK</Filter>
    </ClInclude>
    <ClInclude Include="WEART_SDK\WeArtHapticObject.h">
      <Filter>WEART_SDK</Filter>
    </ClInclude>
    <ClInclude Include="WEART_SDK\WeArtMessages.h">
      <Filter>WEART_SDK</Filter>
    </ClInclude>
    <ClInclude Include="WEART_SDK\WeArtMessageSerializer.h">
      <Filter>WEART_SDK</Filter>
    </ClInclude>
    <ClInclude Include="WEART_SDK\WeArtTemperature.h">
      <Filter>WEART_SDK</Filter>
    </ClInclude>
    <ClInclude Include="WEART_SDK\WeArtTexture.h">
      <Filter>WEART_SDK</Filter>
    </ClInclude>
    <ClInclude Include="WeArtClient.h">
      <Filter>WEART_SDK</Filter>
    </ClInclude>
    <ClInclude Include="TouchEffect.h" />
  </ItemGroup>
  <ItemGroup>
    <Image Include="Assets\LockScreenLogo.scale-200.png">
      <Filter>Assets</Filter>
    </Image>
    <Image Include="Assets\SplashScreen.scale-200.png">
      <Filter>Assets</Filter>
    </Image>
    <Image Include="Assets\Square150x150Logo.scale-200.png">
      <Filter>Assets</Filter>
    </Image>
    <Image Include="Assets\Square44x44Logo.scale-200.png">
      <Filter>Assets</Filter>
    </Image>
    <Image Include="Assets\Square44x44Logo.targetsize-24_altform-unplated.png">
      <Filter>Assets</Filter>
    </Image>
    <Image Include="Assets\StoreLogo.png">
      <Filter>Assets</Filter>
    </Image>
    <Image Include="Assets\Wide310x150Logo.scale-200.png">
      <Filter>Assets</Filter>
    </Image>
  </ItemGroup>
  <ItemGroup>
    <AppxManifest Include="Package.appxmanifest" />
  </ItemGroup>
  <ItemGroup>
    <Page Include="MainPage.xaml" />
  </ItemGroup>
</Project>